
Microsoft Visual Studio Solution File, Format Version 12.00
# Visual Studio Version 17
VisualStudioVersion = 17.2.32519.379
MinimumVisualStudioVersion = 10.0.40219.1
Project("{9A19103F-16F7-4668-BE54-9A1E7A4F7556}") = "FirstService", "FirstService\FirstService.csproj", "{04AFC6D6-2E54-4807-AC5D-18BDA538A226}"
EndProject
Project("{2150E333-8FDC-42A3-9474-1A3956D46DE8}") = "K8S", "K8S", "{944B620F-7B23-4998-9BE3-7FD7C1C6566C}"
	ProjectSection(SolutionItems) = preProject
		firstservice-depl.yaml = firstservice-depl.yaml
	EndProjectSection
EndProject
Project("{9A19103F-16F7-4668-BE54-9A1E7A4F7556}") = "SecondService", "SecondService\SecondService.csproj", "{0089E69F-4414-4644-B297-6107B48EB1AB}"
EndProject
Project("{2150E333-8FDC-42A3-9474-1A3956D46DE8}") = "Docker", "Docker", "{A9ADE042-AE95-43C5-8227-988E05CC1CA1}"
	ProjectSection(SolutionItems) = preProject
		docker-compose.yaml = docker-compose.yaml
	EndProjectSection
EndProject
Global
	GlobalSection(SolutionConfigurationPlatforms) = preSolution
		Debug|Any CPU = Debug|Any CPU
		Release|Any CPU = Release|Any CPU
	EndGlobalSection
	GlobalSection(ProjectConfigurationPlatforms) = postSolution
		{04AFC6D6-2E54-4807-AC5D-18BDA538A226}.Debug|Any CPU.ActiveCfg = Debug|Any CPU
		{04AFC6D6-2E54-4807-AC5D-18BDA538A226}.Debug|Any CPU.Build.0 = Debug|Any CPU
		{04AFC6D6-2E54-4807-AC5D-18BDA538A226}.Release|Any CPU.ActiveCfg = Release|Any CPU
		{04AFC6D6-2E54-4807-AC5D-18BDA538A226}.Release|Any CPU.Build.0 = Release|Any CPU
		{0089E69F-4414-4644-B297-6107B48EB1AB}.Debug|Any CPU.ActiveCfg = Debug|Any CPU
		{0089E69F-4414-4644-B297-6107B48EB1AB}.Debug|Any CPU.Build.0 = Debug|Any CPU
		{0089E69F-4414-4644-B297-6107B48EB1AB}.Release|Any CPU.ActiveCfg = Release|Any CPU
		{0089E69F-4414-4644-B297-6107B48EB1AB}.Release|Any CPU.Build.0 = Release|Any CPU
	EndGlobalSection
	GlobalSection(SolutionProperties) = preSolution
		HideSolutionNode = FALSE
	EndGlobalSection
	GlobalSection(ExtensibilityGlobals) = postSolution
		SolutionGuid = {7964CB59-40C9-438B-A27F-282C559DBEFA}
	EndGlobalSection
EndGlobal
